
Microsoft Visual Studio Solution File, Format Version 12.00
# Visual Studio 14
VisualStudioVersion = 14.0.23107.0
MinimumVisualStudioVersion = 10.0.40219.1
Project("{8BC9CEB8-8B4A-11D0-8D11-00A0C91BC942}") = "SolutionProject", "SolutionProject\SolutionProject.vcxproj", "{A6045818-8CDD-4828-BA7C-4FCFBF5752F2}"
EndProject
Project("{8BC9CEB8-8B4A-11D0-8D11-00A0C91BC942}") = "LogLog", "LogLog\LogLog.vcxproj", "{86CA4415-C1C9-4CCD-B61F-B95686737FDE}"
EndProject
Project("{8BC9CEB8-8B4A-11D0-8D11-00A0C91BC942}") = "DataBaseOperate", "DataBaseOperate\DataBaseOperate.vcxproj", "{4F84B221-D94A-4B9B-AEDD-BBD1C9423BA7}"
EndProject
Project("{8BC9CEB8-8B4A-11D0-8D11-00A0C91BC942}") = "test", "test\test.vcxproj", "{03FDFE99-4476-4F94-A6D4-8272D901CF74}"
EndProject
Project("{8BC9CEB8-8B4A-11D0-8D11-00A0C91BC942}") = "WinBaseServer", "WinBaseServer\WinBaseServer.vcxproj", "{6974A509-6D4A-4B9B-8AF2-68FEF0B7943E}"
EndProject
Project("{8BC9CEB8-8B4A-11D0-8D11-00A0C91BC942}") = "DataStructType", "DataStructType\DataStructType.vcxproj", "{9E83781D-FE93-4765-BFD6-FEC1CD02CAF7}"
EndProject
Project("{2150E333-8FDC-42A3-9474-1A3956D46DE8}") = "通用基本类", "通用基本类", "{B7101393-C90A-4EEE-950D-2F118A97B553}"
EndProject
Project("{2150E333-8FDC-42A3-9474-1A3956D46DE8}") = "射击软件", "射击软件", "{EF9A8F93-6820-4FA3-8428-8BFED2400559}"
EndProject
Project("{8BC9CEB8-8B4A-11D0-8D11-00A0C91BC942}") = "NJHRShootDataAccess", "NJHRShootDataAccess\NJHRShootDataAccess.vcxproj", "{B12702AD-ABFB-343A-A199-8E24837244A3}"
EndProject
Project("{8BC9CEB8-8B4A-11D0-8D11-00A0C91BC942}") = "NJHRShootDataType", "NJHRShootDataType\NJHRShootDataType.vcxproj", "{97EE11E8-63AA-444D-9112-8AAD56DD71D5}"
EndProject
Project("{8BC9CEB8-8B4A-11D0-8D11-00A0C91BC942}") = "NJHRShootUtil", "NJHRShootUtil\NJHRShootUtil.vcxproj", "{6566B90B-BB6B-41BA-B46F-A056656A4DA8}"
EndProject
Project("{8BC9CEB8-8B4A-11D0-8D11-00A0C91BC942}") = "NJHRDataManager", "NJHRDataManager\NJHRDataManager.vcxproj", "{6246F929-2FB2-4689-B353-608D4A93BB16}"
EndProject
Project("{2150E333-8FDC-42A3-9474-1A3956D46DE8}") = "数据工具", "数据工具", "{77F2E8D7-3BA1-484E-91A5-47D3500CEB43}"
EndProject
Project("{8BC9CEB8-8B4A-11D0-8D11-00A0C91BC942}") = "NJHRGroupOrganize", "NJHRGroupOrganize\NJHRGroupOrganize.vcxproj", "{B55732D0-FA3A-47C3-ACED-EA95FFADAEDD}"
EndProject
Project("{8BC9CEB8-8B4A-11D0-8D11-00A0C91BC942}") = "QtBaseServer", "QtBaseServer\QtBaseServer.vcxproj", "{1C5D7D93-61D5-46C1-88C3-21359E7015CF}"
EndProject
Project("{8BC9CEB8-8B4A-11D0-8D11-00A0C91BC942}") = "FacilityUtil", "FacilityUtil\FacilityUtil.vcxproj", "{068160A2-0F75-4247-829A-D1723A0AE25F}"
EndProject
Project("{2150E333-8FDC-42A3-9474-1A3956D46DE8}") = "反射机制", "反射机制", "{5D341AD4-F92C-4837-81D9-AEEC491FEBB6}"
EndProject
Project("{8BC9CEB8-8B4A-11D0-8D11-00A0C91BC942}") = "PluginCore", "PluginCore\PluginCore.vcxproj", "{3CAB0D5C-7DE0-4F3E-9039-7EAFB23DC8DD}"
EndProject
Project("{8BC9CEB8-8B4A-11D0-8D11-00A0C91BC942}") = "PluginFrame", "PluginFrame\PluginFrame.vcxproj", "{29EC162C-4E88-400C-9107-FB05BC284CF8}"
EndProject
Project("{8BC9CEB8-8B4A-11D0-8D11-00A0C91BC942}") = "examplePlugin", "examplePlugin\examplePlugin.vcxproj", "{EA73540E-C05F-4E95-BA11-AE267B1ED17B}"
EndProject
Project("{8BC9CEB8-8B4A-11D0-8D11-00A0C91BC942}") = "GeneralUI", "GeneralUI\GeneralUI.vcxproj", "{B0416552-FEA4-407B-8592-2BA7DE7FBB47}"
EndProject
Project("{8BC9CEB8-8B4A-11D0-8D11-00A0C91BC942}") = "NJHRShootCommonUI", "NJHRShootCommonUI\NJHRShootCommonUI.vcxproj", "{B459D3D6-5602-47D4-80D0-E252393FDDEE}"
EndProject
Project("{8BC9CEB8-8B4A-11D0-8D11-00A0C91BC942}") = "EventBus", "EventBus\EventBus.vcxproj", "{BE208AC0-D19D-4193-A7AE-5316C11EA690}"
EndProject
Global
	GlobalSection(SolutionConfigurationPlatforms) = preSolution
		Debug|x64 = Debug|x64
		Debug|x86 = Debug|x86
		Release|x64 = Release|x64
		Release|x86 = Release|x86
	EndGlobalSection
	GlobalSection(ProjectConfigurationPlatforms) = postSolution
		{A6045818-8CDD-4828-BA7C-4FCFBF5752F2}.Debug|x64.ActiveCfg = Debug|x64
		{A6045818-8CDD-4828-BA7C-4FCFBF5752F2}.Debug|x64.Build.0 = Debug|x64
		{A6045818-8CDD-4828-BA7C-4FCFBF5752F2}.Debug|x86.ActiveCfg = Debug|Win32
		{A6045818-8CDD-4828-BA7C-4FCFBF5752F2}.Debug|x86.Build.0 = Debug|Win32
		{A6045818-8CDD-4828-BA7C-4FCFBF5752F2}.Release|x64.ActiveCfg = Release|x64
		{A6045818-8CDD-4828-BA7C-4FCFBF5752F2}.Release|x64.Build.0 = Release|x64
		{A6045818-8CDD-4828-BA7C-4FCFBF5752F2}.Release|x86.ActiveCfg = Release|Win32
		{A6045818-8CDD-4828-BA7C-4FCFBF5752F2}.Release|x86.Build.0 = Release|Win32
		{86CA4415-C1C9-4CCD-B61F-B95686737FDE}.Debug|x64.ActiveCfg = Debug|x64
		{86CA4415-C1C9-4CCD-B61F-B95686737FDE}.Debug|x64.Build.0 = Debug|x64
		{86CA4415-C1C9-4CCD-B61F-B95686737FDE}.Debug|x86.ActiveCfg = Debug|Win32
		{86CA4415-C1C9-4CCD-B61F-B95686737FDE}.Debug|x86.Build.0 = Debug|Win32
		{86CA4415-C1C9-4CCD-B61F-B95686737FDE}.Release|x64.ActiveCfg = Release|x64
		{86CA4415-C1C9-4CCD-B61F-B95686737FDE}.Release|x64.Build.0 = Release|x64
		{86CA4415-C1C9-4CCD-B61F-B95686737FDE}.Release|x86.ActiveCfg = Release|Win32
		{86CA4415-C1C9-4CCD-B61F-B95686737FDE}.Release|x86.Build.0 = Release|Win32
		{4F84B221-D94A-4B9B-AEDD-BBD1C9423BA7}.Debug|x64.ActiveCfg = Debug|x64
		{4F84B221-D94A-4B9B-AEDD-BBD1C9423BA7}.Debug|x64.Build.0 = Debug|x64
		{4F84B221-D94A-4B9B-AEDD-BBD1C9423BA7}.Debug|x86.ActiveCfg = Debug|Win32
		{4F84B221-D94A-4B9B-AEDD-BBD1C9423BA7}.Debug|x86.Build.0 = Debug|Win32
		{4F84B221-D94A-4B9B-AEDD-BBD1C9423BA7}.Release|x64.ActiveCfg = Release|x64
		{4F84B221-D94A-4B9B-AEDD-BBD1C9423BA7}.Release|x64.Build.0 = Release|x64
		{4F84B221-D94A-4B9B-AEDD-BBD1C9423BA7}.Release|x86.ActiveCfg = Release|Win32
		{4F84B221-D94A-4B9B-AEDD-BBD1C9423BA7}.Release|x86.Build.0 = Release|Win32
		{03FDFE99-4476-4F94-A6D4-8272D901CF74}.Debug|x64.ActiveCfg = Debug|x64
		{03FDFE99-4476-4F94-A6D4-8272D901CF74}.Debug|x64.Build.0 = Debug|x64
		{03FDFE99-4476-4F94-A6D4-8272D901CF74}.Debug|x86.ActiveCfg = Debug|Win32
		{03FDFE99-4476-4F94-A6D4-8272D901CF74}.Debug|x86.Build.0 = Debug|Win32
		{03FDFE99-4476-4F94-A6D4-8272D901CF74}.Release|x64.ActiveCfg = Release|x64
		{03FDFE99-4476-4F94-A6D4-8272D901CF74}.Release|x64.Build.0 = Release|x64
		{03FDFE99-4476-4F94-A6D4-8272D901CF74}.Release|x86.ActiveCfg = Release|Win32
		{03FDFE99-4476-4F94-A6D4-8272D901CF74}.Release|x86.Build.0 = Release|Win32
		{6974A509-6D4A-4B9B-8AF2-68FEF0B7943E}.Debug|x64.ActiveCfg = Debug|x64
		{6974A509-6D4A-4B9B-8AF2-68FEF0B7943E}.Debug|x64.Build.0 = Debug|x64
		{6974A509-6D4A-4B9B-8AF2-68FEF0B7943E}.Debug|x86.ActiveCfg = Debug|Win32
		{6974A509-6D4A-4B9B-8AF2-68FEF0B7943E}.Debug|x86.Build.0 = Debug|Win32
		{6974A509-6D4A-4B9B-8AF2-68FEF0B7943E}.Release|x64.ActiveCfg = Release|x64
		{6974A509-6D4A-4B9B-8AF2-68FEF0B7943E}.Release|x64.Build.0 = Release|x64
		{6974A509-6D4A-4B9B-8AF2-68FEF0B7943E}.Release|x86.ActiveCfg = Release|Win32
		{6974A509-6D4A-4B9B-8AF2-68FEF0B7943E}.Release|x86.Build.0 = Release|Win32
		{9E83781D-FE93-4765-BFD6-FEC1CD02CAF7}.Debug|x64.ActiveCfg = Debug|x64
		{9E83781D-FE93-4765-BFD6-FEC1CD02CAF7}.Debug|x64.Build.0 = Debug|x64
		{9E83781D-FE93-4765-BFD6-FEC1CD02CAF7}.Debug|x86.ActiveCfg = Debug|Win32
		{9E83781D-FE93-4765-BFD6-FEC1CD02CAF7}.Debug|x86.Build.0 = Debug|Win32
		{9E83781D-FE93-4765-BFD6-FEC1CD02CAF7}.Release|x64.ActiveCfg = Release|x64
		{9E83781D-FE93-4765-BFD6-FEC1CD02CAF7}.Release|x64.Build.0 = Release|x64
		{9E83781D-FE93-4765-BFD6-FEC1CD02CAF7}.Release|x86.ActiveCfg = Release|Win32
		{9E83781D-FE93-4765-BFD6-FEC1CD02CAF7}.Release|x86.Build.0 = Release|Win32
		{B12702AD-ABFB-343A-A199-8E24837244A3}.Debug|x64.ActiveCfg = Debug|Win32
		{B12702AD-ABFB-343A-A199-8E24837244A3}.Debug|x86.ActiveCfg = Debug|Win32
		{B12702AD-ABFB-343A-A199-8E24837244A3}.Debug|x86.Build.0 = Debug|Win32
		{B12702AD-ABFB-343A-A199-8E24837244A3}.Release|x64.ActiveCfg = Release|Win32
		{B12702AD-ABFB-343A-A199-8E24837244A3}.Release|x86.ActiveCfg = Release|Win32
		{B12702AD-ABFB-343A-A199-8E24837244A3}.Release|x86.Build.0 = Release|Win32
		{97EE11E8-63AA-444D-9112-8AAD56DD71D5}.Debug|x64.ActiveCfg = Debug|Win32
		{97EE11E8-63AA-444D-9112-8AAD56DD71D5}.Debug|x86.ActiveCfg = Debug|Win32
		{97EE11E8-63AA-444D-9112-8AAD56DD71D5}.Debug|x86.Build.0 = Debug|Win32
		{97EE11E8-63AA-444D-9112-8AAD56DD71D5}.Release|x64.ActiveCfg = Release|Win32
		{97EE11E8-63AA-444D-9112-8AAD56DD71D5}.Release|x86.ActiveCfg = Release|Win32
		{97EE11E8-63AA-444D-9112-8AAD56DD71D5}.Release|x86.Build.0 = Release|Win32
		{6566B90B-BB6B-41BA-B46F-A056656A4DA8}.Debug|x64.ActiveCfg = Debug|Win32
		{6566B90B-BB6B-41BA-B46F-A056656A4DA8}.Debug|x86.ActiveCfg = Debug|Win32
		{6566B90B-BB6B-41BA-B46F-A056656A4DA8}.Debug|x86.Build.0 = Debug|Win32
		{6566B90B-BB6B-41BA-B46F-A056656A4DA8}.Release|x64.ActiveCfg = Release|Win32
		{6566B90B-BB6B-41BA-B46F-A056656A4DA8}.Release|x86.ActiveCfg = Release|Win32
		{6566B90B-BB6B-41BA-B46F-A056656A4DA8}.Release|x86.Build.0 = Release|Win32
		{6246F929-2FB2-4689-B353-608D4A93BB16}.Debug|x64.ActiveCfg = Debug|Win32
		{6246F929-2FB2-4689-B353-608D4A93BB16}.Debug|x86.ActiveCfg = Debug|Win32
		{6246F929-2FB2-4689-B353-608D4A93BB16}.Debug|x86.Build.0 = Debug|Win32
		{6246F929-2FB2-4689-B353-608D4A93BB16}.Release|x64.ActiveCfg = Release|Win32
		{6246F929-2FB2-4689-B353-608D4A93BB16}.Release|x86.ActiveCfg = Release|Win32
		{6246F929-2FB2-4689-B353-608D4A93BB16}.Release|x86.Build.0 = Release|Win32
		{B55732D0-FA3A-47C3-ACED-EA95FFADAEDD}.Debug|x64.ActiveCfg = Debug|Win32
		{B55732D0-FA3A-47C3-ACED-EA95FFADAEDD}.Debug|x86.ActiveCfg = Debug|Win32
		{B55732D0-FA3A-47C3-ACED-EA95FFADAEDD}.Debug|x86.Build.0 = Debug|Win32
		{B55732D0-FA3A-47C3-ACED-EA95FFADAEDD}.Release|x64.ActiveCfg = Release|Win32
		{B55732D0-FA3A-47C3-ACED-EA95FFADAEDD}.Release|x86.ActiveCfg = Release|Win32
		{B55732D0-FA3A-47C3-ACED-EA95FFADAEDD}.Release|x86.Build.0 = Release|Win32
		{1C5D7D93-61D5-46C1-88C3-21359E7015CF}.Debug|x64.ActiveCfg = Debug|Win32
		{1C5D7D93-61D5-46C1-88C3-21359E7015CF}.Debug|x86.ActiveCfg = Debug|Win32
		{1C5D7D93-61D5-46C1-88C3-21359E7015CF}.Debug|x86.Build.0 = Debug|Win32
		{1C5D7D93-61D5-46C1-88C3-21359E7015CF}.Release|x64.ActiveCfg = Release|Win32
		{1C5D7D93-61D5-46C1-88C3-21359E7015CF}.Release|x86.ActiveCfg = Release|Win32
		{1C5D7D93-61D5-46C1-88C3-21359E7015CF}.Release|x86.Build.0 = Release|Win32
		{068160A2-0F75-4247-829A-D1723A0AE25F}.Debug|x64.ActiveCfg = Debug|x64
		{068160A2-0F75-4247-829A-D1723A0AE25F}.Debug|x64.Build.0 = Debug|x64
		{068160A2-0F75-4247-829A-D1723A0AE25F}.Debug|x86.ActiveCfg = Debug|Win32
		{068160A2-0F75-4247-829A-D1723A0AE25F}.Debug|x86.Build.0 = Debug|Win32
		{068160A2-0F75-4247-829A-D1723A0AE25F}.Release|x64.ActiveCfg = Release|x64
		{068160A2-0F75-4247-829A-D1723A0AE25F}.Release|x64.Build.0 = Release|x64
		{068160A2-0F75-4247-829A-D1723A0AE25F}.Release|x86.ActiveCfg = Release|Win32
		{068160A2-0F75-4247-829A-D1723A0AE25F}.Release|x86.Build.0 = Release|Win32
		{3CAB0D5C-7DE0-4F3E-9039-7EAFB23DC8DD}.Debug|x64.ActiveCfg = Debug|x64
		{3CAB0D5C-7DE0-4F3E-9039-7EAFB23DC8DD}.Debug|x64.Build.0 = Debug|x64
		{3CAB0D5C-7DE0-4F3E-9039-7EAFB23DC8DD}.Debug|x86.ActiveCfg = Debug|Win32
		{3CAB0D5C-7DE0-4F3E-9039-7EAFB23DC8DD}.Debug|x86.Build.0 = Debug|Win32
		{3CAB0D5C-7DE0-4F3E-9039-7EAFB23DC8DD}.Release|x64.ActiveCfg = Release|x64
		{3CAB0D5C-7DE0-4F3E-9039-7EAFB23DC8DD}.Release|x64.Build.0 = Release|x64
		{3CAB0D5C-7DE0-4F3E-9039-7EAFB23DC8DD}.Release|x86.ActiveCfg = Release|Win32
		{3CAB0D5C-7DE0-4F3E-9039-7EAFB23DC8DD}.Release|x86.Build.0 = Release|Win32
		{29EC162C-4E88-400C-9107-FB05BC284CF8}.Debug|x64.ActiveCfg = Debug|Win32
		{29EC162C-4E88-400C-9107-FB05BC284CF8}.Debug|x86.ActiveCfg = Debug|Win32
		{29EC162C-4E88-400C-9107-FB05BC284CF8}.Debug|x86.Build.0 = Debug|Win32
		{29EC162C-4E88-400C-9107-FB05BC284CF8}.Release|x64.ActiveCfg = Release|Win32
		{29EC162C-4E88-400C-9107-FB05BC284CF8}.Release|x86.ActiveCfg = Release|Win32
		{29EC162C-4E88-400C-9107-FB05BC284CF8}.Release|x86.Build.0 = Release|Win32
		{EA73540E-C05F-4E95-BA11-AE267B1ED17B}.Debug|x64.ActiveCfg = Debug|Win32
		{EA73540E-C05F-4E95-BA11-AE267B1ED17B}.Debug|x86.ActiveCfg = Debug|Win32
		{EA73540E-C05F-4E95-BA11-AE267B1ED17B}.Debug|x86.Build.0 = Debug|Win32
		{EA73540E-C05F-4E95-BA11-AE267B1ED17B}.Release|x64.ActiveCfg = Release|Win32
		{EA73540E-C05F-4E95-BA11-AE267B1ED17B}.Release|x86.ActiveCfg = Release|Win32
		{EA73540E-C05F-4E95-BA11-AE267B1ED17B}.Release|x86.Build.0 = Release|Win32
		{B0416552-FEA4-407B-8592-2BA7DE7FBB47}.Debug|x64.ActiveCfg = Debug|Win32
		{B0416552-FEA4-407B-8592-2BA7DE7FBB47}.Debug|x86.ActiveCfg = Debug|Win32
		{B0416552-FEA4-407B-8592-2BA7DE7FBB47}.Debug|x86.Build.0 = Debug|Win32
		{B0416552-FEA4-407B-8592-2BA7DE7FBB47}.Release|x64.ActiveCfg = Release|Win32
		{B0416552-FEA4-407B-8592-2BA7DE7FBB47}.Release|x86.ActiveCfg = Release|Win32
		{B0416552-FEA4-407B-8592-2BA7DE7FBB47}.Release|x86.Build.0 = Release|Win32
		{B459D3D6-5602-47D4-80D0-E252393FDDEE}.Debug|x64.ActiveCfg = Debug|Win32
		{B459D3D6-5602-47D4-80D0-E252393FDDEE}.Debug|x86.ActiveCfg = Debug|Win32
		{B459D3D6-5602-47D4-80D0-E252393FDDEE}.Debug|x86.Build.0 = Debug|Win32
		{B459D3D6-5602-47D4-80D0-E252393FDDEE}.Release|x64.ActiveCfg = Release|Win32
		{B459D3D6-5602-47D4-80D0-E252393FDDEE}.Release|x86.ActiveCfg = Release|Win32
		{B459D3D6-5602-47D4-80D0-E252393FDDEE}.Release|x86.Build.0 = Release|Win32
		{BE208AC0-D19D-4193-A7AE-5316C11EA690}.Debug|x64.ActiveCfg = Debug|x64
		{BE208AC0-D19D-4193-A7AE-5316C11EA690}.Debug|x64.Build.0 = Debug|x64
		{BE208AC0-D19D-4193-A7AE-5316C11EA690}.Debug|x86.ActiveCfg = Debug|Win32
		{BE208AC0-D19D-4193-A7AE-5316C11EA690}.Debug|x86.Build.0 = Debug|Win32
		{BE208AC0-D19D-4193-A7AE-5316C11EA690}.Release|x64.ActiveCfg = Release|x64
		{BE208AC0-D19D-4193-A7AE-5316C11EA690}.Release|x64.Build.0 = Release|x64
		{BE208AC0-D19D-4193-A7AE-5316C11EA690}.Release|x86.ActiveCfg = Release|Win32
		{BE208AC0-D19D-4193-A7AE-5316C11EA690}.Release|x86.Build.0 = Release|Win32
	EndGlobalSection
	GlobalSection(SolutionProperties) = preSolution
		HideSolutionNode = FALSE
	EndGlobalSection
	GlobalSection(NestedProjects) = preSolution
		{86CA4415-C1C9-4CCD-B61F-B95686737FDE} = {B7101393-C90A-4EEE-950D-2F118A97B553}
		{4F84B221-D94A-4B9B-AEDD-BBD1C9423BA7} = {B7101393-C90A-4EEE-950D-2F118A97B553}
		{6974A509-6D4A-4B9B-8AF2-68FEF0B7943E} = {B7101393-C90A-4EEE-950D-2F118A97B553}
		{9E83781D-FE93-4765-BFD6-FEC1CD02CAF7} = {B7101393-C90A-4EEE-950D-2F118A97B553}
		{B12702AD-ABFB-343A-A199-8E24837244A3} = {77F2E8D7-3BA1-484E-91A5-47D3500CEB43}
		{97EE11E8-63AA-444D-9112-8AAD56DD71D5} = {77F2E8D7-3BA1-484E-91A5-47D3500CEB43}
		{6566B90B-BB6B-41BA-B46F-A056656A4DA8} = {77F2E8D7-3BA1-484E-91A5-47D3500CEB43}
		{6246F929-2FB2-4689-B353-608D4A93BB16} = {EF9A8F93-6820-4FA3-8428-8BFED2400559}
		{77F2E8D7-3BA1-484E-91A5-47D3500CEB43} = {EF9A8F93-6820-4FA3-8428-8BFED2400559}
		{B55732D0-FA3A-47C3-ACED-EA95FFADAEDD} = {EF9A8F93-6820-4FA3-8428-8BFED2400559}
		{1C5D7D93-61D5-46C1-88C3-21359E7015CF} = {B7101393-C90A-4EEE-950D-2F118A97B553}
		{068160A2-0F75-4247-829A-D1723A0AE25F} = {B7101393-C90A-4EEE-950D-2F118A97B553}
		{3CAB0D5C-7DE0-4F3E-9039-7EAFB23DC8DD} = {5D341AD4-F92C-4837-81D9-AEEC491FEBB6}
		{29EC162C-4E88-400C-9107-FB05BC284CF8} = {5D341AD4-F92C-4837-81D9-AEEC491FEBB6}
		{EA73540E-C05F-4E95-BA11-AE267B1ED17B} = {5D341AD4-F92C-4837-81D9-AEEC491FEBB6}
		{B0416552-FEA4-407B-8592-2BA7DE7FBB47} = {B7101393-C90A-4EEE-950D-2F118A97B553}
		{B459D3D6-5602-47D4-80D0-E252393FDDEE} = {77F2E8D7-3BA1-484E-91A5-47D3500CEB43}
		{BE208AC0-D19D-4193-A7AE-5316C11EA690} = {B7101393-C90A-4EEE-950D-2F118A97B553}
	EndGlobalSection
EndGlobal
